
Microsoft Visual Studio Solution File, Format Version 12.00
Project("{FAE04EC0-301F-11D3-BF4B-00C04F79EFBC}") = "VoiceChatPlugin", "VoiceChatPlugin.csproj", "{47B8D010-673A-4D1B-AC44-E4261B5D1BA0}"
EndProject
Global
	GlobalSection(SolutionConfigurationPlatforms) = preSolution
		Debug|Any CPU = Debug|Any CPU
		Release|Any CPU = Release|Any CPU
	EndGlobalSection
	GlobalSection(ProjectConfigurationPlatforms) = postSolution
		{47B8D010-673A-4D1B-AC44-E4261B5D1BA0}.Debug|Any CPU.ActiveCfg = Debug|Any CPU
		{47B8D010-673A-4D1B-AC44-E4261B5D1BA0}.Debug|Any CPU.Build.0 = Debug|Any CPU
		{47B8D010-673A-4D1B-AC44-E4261B5D1BA0}.Release|Any CPU.ActiveCfg = Release|Any CPU
		{47B8D010-673A-4D1B-AC44-E4261B5D1BA0}.Release|Any CPU.Build.0 = Release|Any CPU
	EndGlobalSection
EndGlobal
